
Microsoft Visual Studio Solution File, Format Version 12.00
# Visual Studio Version 17
VisualStudioVersion = 17.14.36408.4 d17.14
MinimumVisualStudioVersion = 10.0.40219.1
Project("{FAE04EC0-301F-11D3-BF4B-00C04F79EFBC}") = "Projekat_mreze", "Projekat_mreze\Projekat_mreze.csproj", "{CB82AF55-B03D-4D22-99B4-AAFE02DD91BB}"
EndProject
Global
	GlobalSection(SolutionConfigurationPlatforms) = preSolution
		Debug|Any CPU = Debug|Any CPU
		Release|Any CPU = Release|Any CPU
	EndGlobalSection
	GlobalSection(ProjectConfigurationPlatforms) = postSolution
		{CB82AF55-B03D-4D22-99B4-AAFE02DD91BB}.Debug|Any CPU.ActiveCfg = Debug|Any CPU
		{CB82AF55-B03D-4D22-99B4-AAFE02DD91BB}.Debug|Any CPU.Build.0 = Debug|Any CPU
		{CB82AF55-B03D-4D22-99B4-AAFE02DD91BB}.Release|Any CPU.ActiveCfg = Release|Any CPU
		{CB82AF55-B03D-4D22-99B4-AAFE02DD91BB}.Release|Any CPU.Build.0 = Release|Any CPU
	EndGlobalSection
	GlobalSection(SolutionProperties) = preSolution
		HideSolutionNode = FALSE
	EndGlobalSection
	GlobalSection(ExtensibilityGlobals) = postSolution
		SolutionGuid = {4C9ED51C-1ABB-4B06-8419-D9F16B93DE85}
	EndGlobalSection
EndGlobal
